// !$*UTF8*$!
{
	archiveVersion = 1;
	classes = {
	};
	objectVersion = 56;
	objects = {

/* Begin PBXBuildFile section */
		6607E9A82ADF85AA00F90978 /* LaunchScreen.storyboard in Resources */ = {isa = PBXBuildFile; fileRef = 6607E9A72ADF85AA00F90978 /* LaunchScreen.storyboard */; };
		66119D5A2B0F1F3C004E3530 /* TimelineStoryboard.storyboard in Resources */ = {isa = PBXBuildFile; fileRef = 66119D592B0F1F3C004E3530 /* TimelineStoryboard.storyboard */; };
		66119D5E2B0F20FA004E3530 /* SSTimelineViewController.swift in Sources */ = {isa = PBXBuildFile; fileRef = 66119D5D2B0F20FA004E3530 /* SSTimelineViewController.swift */; };
		661FB4A32B0F278B0056E307 /* HomeStoryboard.storyboard in Resources */ = {isa = PBXBuildFile; fileRef = 661FB4A22B0F278B0056E307 /* HomeStoryboard.storyboard */; };
		661FB4A52B11421E0056E307 /* SSTimelineCollectionViewCell.swift in Sources */ = {isa = PBXBuildFile; fileRef = 661FB4A42B11421E0056E307 /* SSTimelineCollectionViewCell.swift */; };
		66408F4F2AF331D500763C4A /* NewEventStoryboard.storyboard in Resources */ = {isa = PBXBuildFile; fileRef = 66408F4E2AF331D500763C4A /* NewEventStoryboard.storyboard */; };
		66408F512AF3320600763C4A /* LocationDetailsStoryboard.storyboard in Resources */ = {isa = PBXBuildFile; fileRef = 66408F502AF3320600763C4A /* LocationDetailsStoryboard.storyboard */; };
		66408F572AF336F400763C4A /* EventDetailsStoryboard.storyboard in Resources */ = {isa = PBXBuildFile; fileRef = 66408F562AF336F400763C4A /* EventDetailsStoryboard.storyboard */; };
		66408F592AF3379B00763C4A /* SSEventDetailsViewController.swift in Sources */ = {isa = PBXBuildFile; fileRef = 66408F582AF3379B00763C4A /* SSEventDetailsViewController.swift */; };
		6669FDF72B0D926500D8D17C /* SSHomeTableViewCell.swift in Sources */ = {isa = PBXBuildFile; fileRef = 6669FDF62B0D926500D8D17C /* SSHomeTableViewCell.swift */; };
		666DD41B2B147F3900FAA43F /* SSPhotoButton.swift in Sources */ = {isa = PBXBuildFile; fileRef = 666DD41A2B147F3900FAA43F /* SSPhotoButton.swift */; };
		666DD41D2B14827B00FAA43F /* SSVideoButton.swift in Sources */ = {isa = PBXBuildFile; fileRef = 666DD41C2B14827B00FAA43F /* SSVideoButton.swift */; };
		66B8C6762AFB57F700FCBD50 /* CustomizeProfileStoryboard.storyboard in Resources */ = {isa = PBXBuildFile; fileRef = 66B8C6752AFB57F700FCBD50 /* CustomizeProfileStoryboard.storyboard */; };
		66C066652ADA3FB500DE3845 /* SSLocationDetailsViewController.swift in Sources */ = {isa = PBXBuildFile; fileRef = 66C066642ADA3FB500DE3845 /* SSLocationDetailsViewController.swift */; };
		66C066672ADA406600DE3845 /* SSModels.swift in Sources */ = {isa = PBXBuildFile; fileRef = 66C066662ADA406600DE3845 /* SSModels.swift */; };
		66C3D97A2AD88FEC003E1C99 /* AppDelegate.swift in Sources */ = {isa = PBXBuildFile; fileRef = 66C3D9792AD88FEC003E1C99 /* AppDelegate.swift */; };
		66C3D97C2AD88FEC003E1C99 /* SceneDelegate.swift in Sources */ = {isa = PBXBuildFile; fileRef = 66C3D97B2AD88FEC003E1C99 /* SceneDelegate.swift */; };
		66C3D97E2AD88FEC003E1C99 /* ViewController.swift in Sources */ = {isa = PBXBuildFile; fileRef = 66C3D97D2AD88FEC003E1C99 /* ViewController.swift */; };
		66C3D9812AD88FEC003E1C99 /* Main.storyboard in Resources */ = {isa = PBXBuildFile; fileRef = 66C3D97F2AD88FEC003E1C99 /* Main.storyboard */; };
		66C3D9842AD88FEC003E1C99 /* SportScoutMedinaJake.xcdatamodeld in Sources */ = {isa = PBXBuildFile; fileRef = 66C3D9822AD88FEC003E1C99 /* SportScoutMedinaJake.xcdatamodeld */; };
		66C3D9862AD88FED003E1C99 /* Assets.xcassets in Resources */ = {isa = PBXBuildFile; fileRef = 66C3D9852AD88FED003E1C99 /* Assets.xcassets */; };
		66C3D9892AD88FED003E1C99 /* LaunchScreen.storyboard in Resources */ = {isa = PBXBuildFile; fileRef = 66C3D9872AD88FED003E1C99 /* LaunchScreen.storyboard */; };
		66C3D9912AD89553003E1C99 /* HomeViewController.swift in Sources */ = {isa = PBXBuildFile; fileRef = 66C3D9902AD89553003E1C99 /* HomeViewController.swift */; };
		66C3D9932AD897BE003E1C99 /* recSports.png in Resources */ = {isa = PBXBuildFile; fileRef = 66C3D9922AD897BE003E1C99 /* recSports.png */; };
		66C3D9952AD89838003E1C99 /* northwestRec.png in Resources */ = {isa = PBXBuildFile; fileRef = 66C3D9942AD89837003E1C99 /* northwestRec.png */; };
		66C3D9972AD89844003E1C99 /* hancockRec.png in Resources */ = {isa = PBXBuildFile; fileRef = 66C3D9962AD89844003E1C99 /* hancockRec.png */; };
		66C3D9992AD89857003E1C99 /* austinRec.png in Resources */ = {isa = PBXBuildFile; fileRef = 66C3D9982AD89857003E1C99 /* austinRec.png */; };
		66C3D99B2AD89873003E1C99 /* gregGym.png in Resources */ = {isa = PBXBuildFile; fileRef = 66C3D99A2AD89872003E1C99 /* gregGym.png */; };
		66C3D99D2AD8A328003E1C99 /* GoogleService-Info.plist in Resources */ = {isa = PBXBuildFile; fileRef = 66C3D99C2AD8A327003E1C99 /* GoogleService-Info.plist */; };
		66C3D9AC2AD8A3F8003E1C99 /* FirebaseAuth in Frameworks */ = {isa = PBXBuildFile; productRef = 66C3D9AB2AD8A3F8003E1C99 /* FirebaseAuth */; };
		66C3D9B82AD8A3F8003E1C99 /* FirebaseFirestore in Frameworks */ = {isa = PBXBuildFile; productRef = 66C3D9B72AD8A3F8003E1C99 /* FirebaseFirestore */; };
		66C3D9BC2AD8A3F8003E1C99 /* FirebaseFirestoreSwift in Frameworks */ = {isa = PBXBuildFile; productRef = 66C3D9BB2AD8A3F8003E1C99 /* FirebaseFirestoreSwift */; settings = {ATTRIBUTES = (Required, ); }; };
		66C3D9D62AD8A7BB003E1C99 /* LoginViewController.swift in Sources */ = {isa = PBXBuildFile; fileRef = 66C3D9D52AD8A7BB003E1C99 /* LoginViewController.swift */; };
		66C3D9D82AD8A7C4003E1C99 /* SignupViewController.swift in Sources */ = {isa = PBXBuildFile; fileRef = 66C3D9D72AD8A7C4003E1C99 /* SignupViewController.swift */; };
		66C3D9DA2AD8ADE4003E1C99 /* SportScout.png in Resources */ = {isa = PBXBuildFile; fileRef = 66C3D9D92AD8ADE4003E1C99 /* SportScout.png */; };
		66C3D9DC2AD8F4A9003E1C99 /* CustomizeProfileViewController.swift in Sources */ = {isa = PBXBuildFile; fileRef = 66C3D9DB2AD8F4A9003E1C99 /* CustomizeProfileViewController.swift */; };
		66C3D9DE2AD8FC79003E1C99 /* ProfileViewController.swift in Sources */ = {isa = PBXBuildFile; fileRef = 66C3D9DD2AD8FC79003E1C99 /* ProfileViewController.swift */; };
		66C3D9E02AD8FF75003E1C99 /* SSTabBarController.swift in Sources */ = {isa = PBXBuildFile; fileRef = 66C3D9DF2AD8FF75003E1C99 /* SSTabBarController.swift */; };
		66C3D9E42AD903DF003E1C99 /* SSSettingsViewController.swift in Sources */ = {isa = PBXBuildFile; fileRef = 66C3D9E32AD903DF003E1C99 /* SSSettingsViewController.swift */; };
		66C3D9E62AD91034003E1C99 /* SSNewEventViewController.swift in Sources */ = {isa = PBXBuildFile; fileRef = 66C3D9E52AD91034003E1C99 /* SSNewEventViewController.swift */; };
		66CEDB902B146A32009F8B7D /* SSNewPostViewController.swift in Sources */ = {isa = PBXBuildFile; fileRef = 66CEDB8F2B146A32009F8B7D /* SSNewPostViewController.swift */; };
		69348A9D2AF16C1A00175A7B /* SSNewEventTitleTableViewCell.swift in Sources */ = {isa = PBXBuildFile; fileRef = 69348A9C2AF16C1A00175A7B /* SSNewEventTitleTableViewCell.swift */; };
		69348A9F2AF16C3300175A7B /* SSNewEventLocationTableViewCell.swift in Sources */ = {isa = PBXBuildFile; fileRef = 69348A9E2AF16C3300175A7B /* SSNewEventLocationTableViewCell.swift */; };
		69348AA12AF16C4F00175A7B /* SSNewEventStartsAtTableViewCell.swift in Sources */ = {isa = PBXBuildFile; fileRef = 69348AA02AF16C4F00175A7B /* SSNewEventStartsAtTableViewCell.swift */; };
		69348AA32AF16C6600175A7B /* SSNewEventEndsAtTableViewCell.swift in Sources */ = {isa = PBXBuildFile; fileRef = 69348AA22AF16C6600175A7B /* SSNewEventEndsAtTableViewCell.swift */; };
		69348AA52AF16C7A00175A7B /* SSNewEventDescriptionTableViewCell.swift in Sources */ = {isa = PBXBuildFile; fileRef = 69348AA42AF16C7A00175A7B /* SSNewEventDescriptionTableViewCell.swift */; };
		698634122AF19ACA008ADA0A /* SSChooseSportViewController.swift in Sources */ = {isa = PBXBuildFile; fileRef = 698634112AF19ACA008ADA0A /* SSChooseSportViewController.swift */; };
		698634142AF19EF5008ADA0A /* SSNewEventSportTableViewCell.swift in Sources */ = {isa = PBXBuildFile; fileRef = 698634132AF19EF5008ADA0A /* SSNewEventSportTableViewCell.swift */; };
		9611118B2AF5C08600B9DF78 /* SSEventDetailsParticipantTableViewCell.swift in Sources */ = {isa = PBXBuildFile; fileRef = 9611118A2AF5C08600B9DF78 /* SSEventDetailsParticipantTableViewCell.swift */; };
		BF2BADDFF2D1ABC54FBA5885 /* Pods_SportScoutMedinaJake.framework in Frameworks */ = {isa = PBXBuildFile; fileRef = 1B82BE8E04B0D578ECB220C9 /* Pods_SportScoutMedinaJake.framework */; };
		E35264542ADB34E400CAAA09 /* TarBarControllerStoryboard.storyboard in Resources */ = {isa = PBXBuildFile; fileRef = E35264532ADB34E400CAAA09 /* TarBarControllerStoryboard.storyboard */; };
		E35264562ADB374600CAAA09 /* JoshStoryboard.storyboard in Resources */ = {isa = PBXBuildFile; fileRef = E35264552ADB374600CAAA09 /* JoshStoryboard.storyboard */; };
		E355B2E72AFADCD4004D0066 /* SSChooseParticipantsViewController.swift in Sources */ = {isa = PBXBuildFile; fileRef = E355B2E62AFADCD4004D0066 /* SSChooseParticipantsViewController.swift */; };
		E3E1EEA82ADB417300AFCC05 /* FirebaseStorage in Frameworks */ = {isa = PBXBuildFile; productRef = E3E1EEA72ADB417300AFCC05 /* FirebaseStorage */; };
/* End PBXBuildFile section */

/* Begin PBXFileReference section */
		1B82BE8E04B0D578ECB220C9 /* Pods_SportScoutMedinaJake.framework */ = {isa = PBXFileReference; explicitFileType = wrapper.framework; includeInIndex = 0; path = Pods_SportScoutMedinaJake.framework; sourceTree = BUILT_PRODUCTS_DIR; };
		6607E9A72ADF85AA00F90978 /* LaunchScreen.storyboard */ = {isa = PBXFileReference; lastKnownFileType = file.storyboard; path = LaunchScreen.storyboard; sourceTree = "<group>"; };
		66119D592B0F1F3C004E3530 /* TimelineStoryboard.storyboard */ = {isa = PBXFileReference; lastKnownFileType = file.storyboard; path = TimelineStoryboard.storyboard; sourceTree = "<group>"; };
		66119D5D2B0F20FA004E3530 /* SSTimelineViewController.swift */ = {isa = PBXFileReference; lastKnownFileType = sourcecode.swift; path = SSTimelineViewController.swift; sourceTree = "<group>"; };
		661FB4A22B0F278B0056E307 /* HomeStoryboard.storyboard */ = {isa = PBXFileReference; fileEncoding = 4; lastKnownFileType = file.storyboard; path = HomeStoryboard.storyboard; sourceTree = "<group>"; };
		661FB4A42B11421E0056E307 /* SSTimelineCollectionViewCell.swift */ = {isa = PBXFileReference; lastKnownFileType = sourcecode.swift; path = SSTimelineCollectionViewCell.swift; sourceTree = "<group>"; };
		66408F4E2AF331D500763C4A /* NewEventStoryboard.storyboard */ = {isa = PBXFileReference; lastKnownFileType = file.storyboard; path = NewEventStoryboard.storyboard; sourceTree = "<group>"; };
		66408F502AF3320600763C4A /* LocationDetailsStoryboard.storyboard */ = {isa = PBXFileReference; lastKnownFileType = file.storyboard; path = LocationDetailsStoryboard.storyboard; sourceTree = "<group>"; };
		66408F562AF336F400763C4A /* EventDetailsStoryboard.storyboard */ = {isa = PBXFileReference; lastKnownFileType = file.storyboard; path = EventDetailsStoryboard.storyboard; sourceTree = "<group>"; };
		66408F582AF3379B00763C4A /* SSEventDetailsViewController.swift */ = {isa = PBXFileReference; lastKnownFileType = sourcecode.swift; path = SSEventDetailsViewController.swift; sourceTree = "<group>"; };
		6669FDF62B0D926500D8D17C /* SSHomeTableViewCell.swift */ = {isa = PBXFileReference; lastKnownFileType = sourcecode.swift; path = SSHomeTableViewCell.swift; sourceTree = "<group>"; };
		666DD41A2B147F3900FAA43F /* SSPhotoButton.swift */ = {isa = PBXFileReference; lastKnownFileType = sourcecode.swift; path = SSPhotoButton.swift; sourceTree = "<group>"; };
		666DD41C2B14827B00FAA43F /* SSVideoButton.swift */ = {isa = PBXFileReference; lastKnownFileType = sourcecode.swift; path = SSVideoButton.swift; sourceTree = "<group>"; };
		66B8C6752AFB57F700FCBD50 /* CustomizeProfileStoryboard.storyboard */ = {isa = PBXFileReference; lastKnownFileType = file.storyboard; path = CustomizeProfileStoryboard.storyboard; sourceTree = "<group>"; };
		66C066642ADA3FB500DE3845 /* SSLocationDetailsViewController.swift */ = {isa = PBXFileReference; lastKnownFileType = sourcecode.swift; path = SSLocationDetailsViewController.swift; sourceTree = "<group>"; };
		66C066662ADA406600DE3845 /* SSModels.swift */ = {isa = PBXFileReference; lastKnownFileType = sourcecode.swift; path = SSModels.swift; sourceTree = "<group>"; };
		66C3D9762AD88FEC003E1C99 /* SportScoutMedinaJake.app */ = {isa = PBXFileReference; explicitFileType = wrapper.application; includeInIndex = 0; path = SportScoutMedinaJake.app; sourceTree = BUILT_PRODUCTS_DIR; };
		66C3D9792AD88FEC003E1C99 /* AppDelegate.swift */ = {isa = PBXFileReference; lastKnownFileType = sourcecode.swift; path = AppDelegate.swift; sourceTree = "<group>"; };
		66C3D97B2AD88FEC003E1C99 /* SceneDelegate.swift */ = {isa = PBXFileReference; lastKnownFileType = sourcecode.swift; path = SceneDelegate.swift; sourceTree = "<group>"; };
		66C3D97D2AD88FEC003E1C99 /* ViewController.swift */ = {isa = PBXFileReference; lastKnownFileType = sourcecode.swift; path = ViewController.swift; sourceTree = "<group>"; };
		66C3D9802AD88FEC003E1C99 /* Base */ = {isa = PBXFileReference; lastKnownFileType = file.storyboard; name = Base; path = Base.lproj/Main.storyboard; sourceTree = "<group>"; };
		66C3D9832AD88FEC003E1C99 /* SportScoutMedinaJake.xcdatamodel */ = {isa = PBXFileReference; lastKnownFileType = wrapper.xcdatamodel; path = SportScoutMedinaJake.xcdatamodel; sourceTree = "<group>"; };
		66C3D9852AD88FED003E1C99 /* Assets.xcassets */ = {isa = PBXFileReference; lastKnownFileType = folder.assetcatalog; path = Assets.xcassets; sourceTree = "<group>"; };
		66C3D9882AD88FED003E1C99 /* Base */ = {isa = PBXFileReference; lastKnownFileType = file.storyboard; name = Base; path = Base.lproj/LaunchScreen.storyboard; sourceTree = "<group>"; };
		66C3D98A2AD88FED003E1C99 /* Info.plist */ = {isa = PBXFileReference; lastKnownFileType = text.plist.xml; path = Info.plist; sourceTree = "<group>"; };
		66C3D9902AD89553003E1C99 /* HomeViewController.swift */ = {isa = PBXFileReference; lastKnownFileType = sourcecode.swift; path = HomeViewController.swift; sourceTree = "<group>"; };
		66C3D9922AD897BE003E1C99 /* recSports.png */ = {isa = PBXFileReference; lastKnownFileType = image.png; path = recSports.png; sourceTree = "<group>"; };
		66C3D9942AD89837003E1C99 /* northwestRec.png */ = {isa = PBXFileReference; lastKnownFileType = image.png; path = northwestRec.png; sourceTree = "<group>"; };
		66C3D9962AD89844003E1C99 /* hancockRec.png */ = {isa = PBXFileReference; lastKnownFileType = image.png; path = hancockRec.png; sourceTree = "<group>"; };
		66C3D9982AD89857003E1C99 /* austinRec.png */ = {isa = PBXFileReference; lastKnownFileType = image.png; path = austinRec.png; sourceTree = "<group>"; };
		66C3D99A2AD89872003E1C99 /* gregGym.png */ = {isa = PBXFileReference; lastKnownFileType = image.png; path = gregGym.png; sourceTree = "<group>"; };
		66C3D99C2AD8A327003E1C99 /* GoogleService-Info.plist */ = {isa = PBXFileReference; fileEncoding = 4; lastKnownFileType = text.plist.xml; path = "GoogleService-Info.plist"; sourceTree = "<group>"; };
		66C3D9D52AD8A7BB003E1C99 /* LoginViewController.swift */ = {isa = PBXFileReference; lastKnownFileType = sourcecode.swift; path = LoginViewController.swift; sourceTree = "<group>"; };
		66C3D9D72AD8A7C4003E1C99 /* SignupViewController.swift */ = {isa = PBXFileReference; lastKnownFileType = sourcecode.swift; path = SignupViewController.swift; sourceTree = "<group>"; };
		66C3D9D92AD8ADE4003E1C99 /* SportScout.png */ = {isa = PBXFileReference; lastKnownFileType = image.png; path = SportScout.png; sourceTree = "<group>"; };
		66C3D9DB2AD8F4A9003E1C99 /* CustomizeProfileViewController.swift */ = {isa = PBXFileReference; lastKnownFileType = sourcecode.swift; path = CustomizeProfileViewController.swift; sourceTree = "<group>"; };
		66C3D9DD2AD8FC79003E1C99 /* ProfileViewController.swift */ = {isa = PBXFileReference; lastKnownFileType = sourcecode.swift; path = ProfileViewController.swift; sourceTree = "<group>"; };
		66C3D9DF2AD8FF75003E1C99 /* SSTabBarController.swift */ = {isa = PBXFileReference; lastKnownFileType = sourcecode.swift; path = SSTabBarController.swift; sourceTree = "<group>"; };
		66C3D9E32AD903DF003E1C99 /* SSSettingsViewController.swift */ = {isa = PBXFileReference; lastKnownFileType = sourcecode.swift; path = SSSettingsViewController.swift; sourceTree = "<group>"; };
		66C3D9E52AD91034003E1C99 /* SSNewEventViewController.swift */ = {isa = PBXFileReference; lastKnownFileType = sourcecode.swift; path = SSNewEventViewController.swift; sourceTree = "<group>"; };
		66CEDB8F2B146A32009F8B7D /* SSNewPostViewController.swift */ = {isa = PBXFileReference; lastKnownFileType = sourcecode.swift; path = SSNewPostViewController.swift; sourceTree = "<group>"; };
		69348A9C2AF16C1A00175A7B /* SSNewEventTitleTableViewCell.swift */ = {isa = PBXFileReference; lastKnownFileType = sourcecode.swift; path = SSNewEventTitleTableViewCell.swift; sourceTree = "<group>"; };
		69348A9E2AF16C3300175A7B /* SSNewEventLocationTableViewCell.swift */ = {isa = PBXFileReference; lastKnownFileType = sourcecode.swift; path = SSNewEventLocationTableViewCell.swift; sourceTree = "<group>"; };
		69348AA02AF16C4F00175A7B /* SSNewEventStartsAtTableViewCell.swift */ = {isa = PBXFileReference; lastKnownFileType = sourcecode.swift; path = SSNewEventStartsAtTableViewCell.swift; sourceTree = "<group>"; };
		69348AA22AF16C6600175A7B /* SSNewEventEndsAtTableViewCell.swift */ = {isa = PBXFileReference; lastKnownFileType = sourcecode.swift; path = SSNewEventEndsAtTableViewCell.swift; sourceTree = "<group>"; };
		69348AA42AF16C7A00175A7B /* SSNewEventDescriptionTableViewCell.swift */ = {isa = PBXFileReference; lastKnownFileType = sourcecode.swift; path = SSNewEventDescriptionTableViewCell.swift; sourceTree = "<group>"; };
		698634112AF19ACA008ADA0A /* SSChooseSportViewController.swift */ = {isa = PBXFileReference; lastKnownFileType = sourcecode.swift; path = SSChooseSportViewController.swift; sourceTree = "<group>"; };
		698634132AF19EF5008ADA0A /* SSNewEventSportTableViewCell.swift */ = {isa = PBXFileReference; lastKnownFileType = sourcecode.swift; path = SSNewEventSportTableViewCell.swift; sourceTree = "<group>"; };
		69F70E63FDA415362A7BAFDD /* Pods-SportScoutMedinaJake.release.xcconfig */ = {isa = PBXFileReference; includeInIndex = 1; lastKnownFileType = text.xcconfig; name = "Pods-SportScoutMedinaJake.release.xcconfig"; path = "Target Support Files/Pods-SportScoutMedinaJake/Pods-SportScoutMedinaJake.release.xcconfig"; sourceTree = "<group>"; };
		9611118A2AF5C08600B9DF78 /* SSEventDetailsParticipantTableViewCell.swift */ = {isa = PBXFileReference; lastKnownFileType = sourcecode.swift; path = SSEventDetailsParticipantTableViewCell.swift; sourceTree = "<group>"; };
		E35264532ADB34E400CAAA09 /* TarBarControllerStoryboard.storyboard */ = {isa = PBXFileReference; lastKnownFileType = file.storyboard; path = TarBarControllerStoryboard.storyboard; sourceTree = "<group>"; };
		E35264552ADB374600CAAA09 /* JoshStoryboard.storyboard */ = {isa = PBXFileReference; lastKnownFileType = file.storyboard; path = JoshStoryboard.storyboard; sourceTree = "<group>"; };
		E355B2E62AFADCD4004D0066 /* SSChooseParticipantsViewController.swift */ = {isa = PBXFileReference; lastKnownFileType = sourcecode.swift; path = SSChooseParticipantsViewController.swift; sourceTree = "<group>"; };
		F2E33A87BF0A9E64A7F50FCD /* Pods-SportScoutMedinaJake.debug.xcconfig */ = {isa = PBXFileReference; includeInIndex = 1; lastKnownFileType = text.xcconfig; name = "Pods-SportScoutMedinaJake.debug.xcconfig"; path = "Target Support Files/Pods-SportScoutMedinaJake/Pods-SportScoutMedinaJake.debug.xcconfig"; sourceTree = "<group>"; };
/* End PBXFileReference section */

/* Begin PBXFrameworksBuildPhase section */
		66C3D9732AD88FEC003E1C99 /* Frameworks */ = {
			isa = PBXFrameworksBuildPhase;
			buildActionMask = 2147483647;
			files = (
				66C3D9B82AD8A3F8003E1C99 /* FirebaseFirestore in Frameworks */,
				E3E1EEA82ADB417300AFCC05 /* FirebaseStorage in Frameworks */,
				66C3D9BC2AD8A3F8003E1C99 /* FirebaseFirestoreSwift in Frameworks */,
				66C3D9AC2AD8A3F8003E1C99 /* FirebaseAuth in Frameworks */,
				BF2BADDFF2D1ABC54FBA5885 /* Pods_SportScoutMedinaJake.framework in Frameworks */,
			);
			runOnlyForDeploymentPostprocessing = 0;
		};
/* End PBXFrameworksBuildPhase section */

/* Begin PBXGroup section */
		66C3D96D2AD88FEC003E1C99 = {
			isa = PBXGroup;
			children = (
				66C3D9782AD88FEC003E1C99 /* SportScoutMedinaJake */,
				66C3D9772AD88FEC003E1C99 /* Products */,
				E3E1EEA62ADB417300AFCC05 /* Frameworks */,
				C57FF900B231F4B5A2E92D53 /* Pods */,
			);
			sourceTree = "<group>";
		};
		66C3D9772AD88FEC003E1C99 /* Products */ = {
			isa = PBXGroup;
			children = (
				66C3D9762AD88FEC003E1C99 /* SportScoutMedinaJake.app */,
			);
			name = Products;
			sourceTree = "<group>";
		};
		66C3D9782AD88FEC003E1C99 /* SportScoutMedinaJake */ = {
			isa = PBXGroup;
			children = (
				E35264552ADB374600CAAA09 /* JoshStoryboard.storyboard */,
				66B8C6752AFB57F700FCBD50 /* CustomizeProfileStoryboard.storyboard */,
				E35264532ADB34E400CAAA09 /* TarBarControllerStoryboard.storyboard */,
				66119D592B0F1F3C004E3530 /* TimelineStoryboard.storyboard */,
				666DD41A2B147F3900FAA43F /* SSPhotoButton.swift */,
				666DD41C2B14827B00FAA43F /* SSVideoButton.swift */,
				66CEDB8F2B146A32009F8B7D /* SSNewPostViewController.swift */,
				661FB4A42B11421E0056E307 /* SSTimelineCollectionViewCell.swift */,
				66119D5D2B0F20FA004E3530 /* SSTimelineViewController.swift */,
				66408F502AF3320600763C4A /* LocationDetailsStoryboard.storyboard */,
				66408F4E2AF331D500763C4A /* NewEventStoryboard.storyboard */,
				66408F582AF3379B00763C4A /* SSEventDetailsViewController.swift */,
				66408F562AF336F400763C4A /* EventDetailsStoryboard.storyboard */,
				698634132AF19EF5008ADA0A /* SSNewEventSportTableViewCell.swift */,
				698634112AF19ACA008ADA0A /* SSChooseSportViewController.swift */,
				66C3D9792AD88FEC003E1C99 /* AppDelegate.swift */,
				66C066662ADA406600DE3845 /* SSModels.swift */,
				66C3D97B2AD88FEC003E1C99 /* SceneDelegate.swift */,
				66C3D97D2AD88FEC003E1C99 /* ViewController.swift */,
				66C3D97F2AD88FEC003E1C99 /* Main.storyboard */,
				66C066642ADA3FB500DE3845 /* SSLocationDetailsViewController.swift */,
				66C3D9E52AD91034003E1C99 /* SSNewEventViewController.swift */,
				661FB4A22B0F278B0056E307 /* HomeStoryboard.storyboard */,
				E355B2E62AFADCD4004D0066 /* SSChooseParticipantsViewController.swift */,
				69348A9C2AF16C1A00175A7B /* SSNewEventTitleTableViewCell.swift */,
				69348A9E2AF16C3300175A7B /* SSNewEventLocationTableViewCell.swift */,
				69348AA02AF16C4F00175A7B /* SSNewEventStartsAtTableViewCell.swift */,
				69348AA22AF16C6600175A7B /* SSNewEventEndsAtTableViewCell.swift */,
				69348AA42AF16C7A00175A7B /* SSNewEventDescriptionTableViewCell.swift */,
				9611118A2AF5C08600B9DF78 /* SSEventDetailsParticipantTableViewCell.swift */,
				66C3D9E32AD903DF003E1C99 /* SSSettingsViewController.swift */,
				66C3D9DF2AD8FF75003E1C99 /* SSTabBarController.swift */,
				66C3D9DD2AD8FC79003E1C99 /* ProfileViewController.swift */,
				66C3D9DB2AD8F4A9003E1C99 /* CustomizeProfileViewController.swift */,
				66C3D9D52AD8A7BB003E1C99 /* LoginViewController.swift */,
				66C3D9D72AD8A7C4003E1C99 /* SignupViewController.swift */,
				66C3D9902AD89553003E1C99 /* HomeViewController.swift */,
				6669FDF62B0D926500D8D17C /* SSHomeTableViewCell.swift */,
				6607E9A72ADF85AA00F90978 /* LaunchScreen.storyboard */,
				66C3D9852AD88FED003E1C99 /* Assets.xcassets */,
				66C3D9872AD88FED003E1C99 /* LaunchScreen.storyboard */,
				66C3D98A2AD88FED003E1C99 /* Info.plist */,
				66C3D9822AD88FEC003E1C99 /* SportScoutMedinaJake.xcdatamodeld */,
				66C3D9922AD897BE003E1C99 /* recSports.png */,
				66C3D9942AD89837003E1C99 /* northwestRec.png */,
				66C3D9962AD89844003E1C99 /* hancockRec.png */,
				66C3D9982AD89857003E1C99 /* austinRec.png */,
				66C3D99A2AD89872003E1C99 /* gregGym.png */,
				66C3D99C2AD8A327003E1C99 /* GoogleService-Info.plist */,
				66C3D9D92AD8ADE4003E1C99 /* SportScout.png */,
			);
			path = SportScoutMedinaJake;
			sourceTree = "<group>";
		};
		C57FF900B231F4B5A2E92D53 /* Pods */ = {
			isa = PBXGroup;
			children = (
				F2E33A87BF0A9E64A7F50FCD /* Pods-SportScoutMedinaJake.debug.xcconfig */,
				69F70E63FDA415362A7BAFDD /* Pods-SportScoutMedinaJake.release.xcconfig */,
			);
			path = Pods;
			sourceTree = "<group>";
		};
		E3E1EEA62ADB417300AFCC05 /* Frameworks */ = {
			isa = PBXGroup;
			children = (
				1B82BE8E04B0D578ECB220C9 /* Pods_SportScoutMedinaJake.framework */,
			);
			name = Frameworks;
			sourceTree = "<group>";
		};
/* End PBXGroup section */

/* Begin PBXNativeTarget section */
		66C3D9752AD88FEC003E1C99 /* SportScoutMedinaJake */ = {
			isa = PBXNativeTarget;
			buildConfigurationList = 66C3D98D2AD88FED003E1C99 /* Build configuration list for PBXNativeTarget "SportScoutMedinaJake" */;
			buildPhases = (
				E0B770BAE13AC5696024843B /* [CP] Check Pods Manifest.lock */,
				66C3D9722AD88FEC003E1C99 /* Sources */,
				66C3D9732AD88FEC003E1C99 /* Frameworks */,
				66C3D9742AD88FEC003E1C99 /* Resources */,
				0EF1E70F80A55175B646EA00 /* [CP] Embed Pods Frameworks */,
			);
			buildRules = (
			);
			dependencies = (
			);
			name = SportScoutMedinaJake;
			packageProductDependencies = (
				66C3D9AB2AD8A3F8003E1C99 /* FirebaseAuth */,
				66C3D9B72AD8A3F8003E1C99 /* FirebaseFirestore */,
				66C3D9BB2AD8A3F8003E1C99 /* FirebaseFirestoreSwift */,
				E3E1EEA72ADB417300AFCC05 /* FirebaseStorage */,
			);
			productName = SportScoutMedinaJake;
			productReference = 66C3D9762AD88FEC003E1C99 /* SportScoutMedinaJake.app */;
			productType = "com.apple.product-type.application";
		};
/* End PBXNativeTarget section */

/* Begin PBXProject section */
		66C3D96E2AD88FEC003E1C99 /* Project object */ = {
			isa = PBXProject;
			attributes = {
				BuildIndependentTargetsInParallel = 1;
				LastSwiftUpdateCheck = 1500;
				LastUpgradeCheck = 1500;
				TargetAttributes = {
					66C3D9752AD88FEC003E1C99 = {
						CreatedOnToolsVersion = 15.0;
					};
				};
			};
			buildConfigurationList = 66C3D9712AD88FEC003E1C99 /* Build configuration list for PBXProject "SportScoutMedinaJake" */;
			compatibilityVersion = "Xcode 14.0";
			developmentRegion = en;
			hasScannedForEncodings = 0;
			knownRegions = (
				en,
				Base,
			);
			mainGroup = 66C3D96D2AD88FEC003E1C99;
			packageReferences = (
				66C3D99E2AD8A3F7003E1C99 /* XCRemoteSwiftPackageReference "firebase-ios-sdk" */,
			);
			productRefGroup = 66C3D9772AD88FEC003E1C99 /* Products */;
			projectDirPath = "";
			projectRoot = "";
			targets = (
				66C3D9752AD88FEC003E1C99 /* SportScoutMedinaJake */,
			);
		};
/* End PBXProject section */

/* Begin PBXResourcesBuildPhase section */
		66C3D9742AD88FEC003E1C99 /* Resources */ = {
			isa = PBXResourcesBuildPhase;
			buildActionMask = 2147483647;
			files = (
				66C3D9952AD89838003E1C99 /* northwestRec.png in Resources */,
				661FB4A32B0F278B0056E307 /* HomeStoryboard.storyboard in Resources */,
				66C3D99D2AD8A328003E1C99 /* GoogleService-Info.plist in Resources */,
				66408F4F2AF331D500763C4A /* NewEventStoryboard.storyboard in Resources */,
				66408F512AF3320600763C4A /* LocationDetailsStoryboard.storyboard in Resources */,
				66119D5A2B0F1F3C004E3530 /* TimelineStoryboard.storyboard in Resources */,
				66C3D9892AD88FED003E1C99 /* LaunchScreen.storyboard in Resources */,
				66C3D9862AD88FED003E1C99 /* Assets.xcassets in Resources */,
				66C3D9DA2AD8ADE4003E1C99 /* SportScout.png in Resources */,
				E35264562ADB374600CAAA09 /* JoshStoryboard.storyboard in Resources */,
				66C3D9812AD88FEC003E1C99 /* Main.storyboard in Resources */,
				66C3D99B2AD89873003E1C99 /* gregGym.png in Resources */,
				66C3D9992AD89857003E1C99 /* austinRec.png in Resources */,
				66C3D9932AD897BE003E1C99 /* recSports.png in Resources */,
				66408F572AF336F400763C4A /* EventDetailsStoryboard.storyboard in Resources */,
				6607E9A82ADF85AA00F90978 /* LaunchScreen.storyboard in Resources */,
				66B8C6762AFB57F700FCBD50 /* CustomizeProfileStoryboard.storyboard in Resources */,
				66C3D9972AD89844003E1C99 /* hancockRec.png in Resources */,
				E35264542ADB34E400CAAA09 /* TarBarControllerStoryboard.storyboard in Resources */,
			);
			runOnlyForDeploymentPostprocessing = 0;
		};
/* End PBXResourcesBuildPhase section */

/* Begin PBXShellScriptBuildPhase section */
		0EF1E70F80A55175B646EA00 /* [CP] Embed Pods Frameworks */ = {
			isa = PBXShellScriptBuildPhase;
			buildActionMask = 2147483647;
			files = (
			);
			inputFileListPaths = (
				"${PODS_ROOT}/Target Support Files/Pods-SportScoutMedinaJake/Pods-SportScoutMedinaJake-frameworks-${CONFIGURATION}-input-files.xcfilelist",
			);
			name = "[CP] Embed Pods Frameworks";
			outputFileListPaths = (
				"${PODS_ROOT}/Target Support Files/Pods-SportScoutMedinaJake/Pods-SportScoutMedinaJake-frameworks-${CONFIGURATION}-output-files.xcfilelist",
			);
			runOnlyForDeploymentPostprocessing = 0;
			shellPath = /bin/sh;
			shellScript = "\"${PODS_ROOT}/Target Support Files/Pods-SportScoutMedinaJake/Pods-SportScoutMedinaJake-frameworks.sh\"\n";
			showEnvVarsInLog = 0;
		};
		E0B770BAE13AC5696024843B /* [CP] Check Pods Manifest.lock */ = {
			isa = PBXShellScriptBuildPhase;
			buildActionMask = 2147483647;
			files = (
			);
			inputFileListPaths = (
			);
			inputPaths = (
				"${PODS_PODFILE_DIR_PATH}/Podfile.lock",
				"${PODS_ROOT}/Manifest.lock",
			);
			name = "[CP] Check Pods Manifest.lock";
			outputFileListPaths = (
			);
			outputPaths = (
				"$(DERIVED_FILE_DIR)/Pods-SportScoutMedinaJake-checkManifestLockResult.txt",
			);
			runOnlyForDeploymentPostprocessing = 0;
			shellPath = /bin/sh;
			shellScript = "diff \"${PODS_PODFILE_DIR_PATH}/Podfile.lock\" \"${PODS_ROOT}/Manifest.lock\" > /dev/null\nif [ $? != 0 ] ; then\n    # print error to STDERR\n    echo \"error: The sandbox is not in sync with the Podfile.lock. Run 'pod install' or update your CocoaPods installation.\" >&2\n    exit 1\nfi\n# This output is used by Xcode 'outputs' to avoid re-running this script phase.\necho \"SUCCESS\" > \"${SCRIPT_OUTPUT_FILE_0}\"\n";
			showEnvVarsInLog = 0;
		};
/* End PBXShellScriptBuildPhase section */

/* Begin PBXSourcesBuildPhase section */
		66C3D9722AD88FEC003E1C99 /* Sources */ = {
			isa = PBXSourcesBuildPhase;
			buildActionMask = 2147483647;
			files = (
				66C3D9D62AD8A7BB003E1C99 /* LoginViewController.swift in Sources */,
				66C066672ADA406600DE3845 /* SSModels.swift in Sources */,
				66C3D9D82AD8A7C4003E1C99 /* SignupViewController.swift in Sources */,
				66119D5E2B0F20FA004E3530 /* SSTimelineViewController.swift in Sources */,
				661FB4A52B11421E0056E307 /* SSTimelineCollectionViewCell.swift in Sources */,
				66C3D9DC2AD8F4A9003E1C99 /* CustomizeProfileViewController.swift in Sources */,
				6669FDF72B0D926500D8D17C /* SSHomeTableViewCell.swift in Sources */,
				69348AA32AF16C6600175A7B /* SSNewEventEndsAtTableViewCell.swift in Sources */,
				66C3D9912AD89553003E1C99 /* HomeViewController.swift in Sources */,
				66C3D9842AD88FEC003E1C99 /* SportScoutMedinaJake.xcdatamodeld in Sources */,
				66C3D9E02AD8FF75003E1C99 /* SSTabBarController.swift in Sources */,
				69348AA12AF16C4F00175A7B /* SSNewEventStartsAtTableViewCell.swift in Sources */,
				66C066652ADA3FB500DE3845 /* SSLocationDetailsViewController.swift in Sources */,
				698634122AF19ACA008ADA0A /* SSChooseSportViewController.swift in Sources */,
				66C3D97E2AD88FEC003E1C99 /* ViewController.swift in Sources */,
				666DD41D2B14827B00FAA43F /* SSVideoButton.swift in Sources */,
				66C3D9DE2AD8FC79003E1C99 /* ProfileViewController.swift in Sources */,
				698634142AF19EF5008ADA0A /* SSNewEventSportTableViewCell.swift in Sources */,
				66C3D97A2AD88FEC003E1C99 /* AppDelegate.swift in Sources */,
				66C3D9E42AD903DF003E1C99 /* SSSettingsViewController.swift in Sources */,
				66408F592AF3379B00763C4A /* SSEventDetailsViewController.swift in Sources */,
				666DD41B2B147F3900FAA43F /* SSPhotoButton.swift in Sources */,
				66C3D9E62AD91034003E1C99 /* SSNewEventViewController.swift in Sources */,
				66C3D97C2AD88FEC003E1C99 /* SceneDelegate.swift in Sources */,
				E355B2E72AFADCD4004D0066 /* SSChooseParticipantsViewController.swift in Sources */,
				69348AA52AF16C7A00175A7B /* SSNewEventDescriptionTableViewCell.swift in Sources */,
				9611118B2AF5C08600B9DF78 /* SSEventDetailsParticipantTableViewCell.swift in Sources */,
				66CEDB902B146A32009F8B7D /* SSNewPostViewController.swift in Sources */,
				69348A9F2AF16C3300175A7B /* SSNewEventLocationTableViewCell.swift in Sources */,
				69348A9D2AF16C1A00175A7B /* SSNewEventTitleTableViewCell.swift in Sources */,
			);
			runOnlyForDeploymentPostprocessing = 0;
		};
/* End PBXSourcesBuildPhase section */

/* Begin PBXVariantGroup section */
		66C3D97F2AD88FEC003E1C99 /* Main.storyboard */ = {
			isa = PBXVariantGroup;
			children = (
				66C3D9802AD88FEC003E1C99 /* Base */,
			);
			name = Main.storyboard;
			sourceTree = "<group>";
		};
		66C3D9872AD88FED003E1C99 /* LaunchScreen.storyboard */ = {
			isa = PBXVariantGroup;
			children = (
				66C3D9882AD88FED003E1C99 /* Base */,
			);
			name = LaunchScreen.storyboard;
			sourceTree = "<group>";
		};
/* End PBXVariantGroup section */

/* Begin XCBuildConfiguration section */
		66C3D98B2AD88FED003E1C99 /* Debug */ = {
			isa = XCBuildConfiguration;
			buildSettings = {
				ALWAYS_SEARCH_USER_PATHS = NO;
				ASSETCATALOG_COMPILER_GENERATE_SWIFT_ASSET_SYMBOL_EXTENSIONS = YES;
				CLANG_ANALYZER_NONNULL = YES;
				CLANG_ANALYZER_NUMBER_OBJECT_CONVERSION = YES_AGGRESSIVE;
				CLANG_CXX_LANGUAGE_STANDARD = "gnu++20";
				CLANG_ENABLE_MODULES = YES;
				CLANG_ENABLE_OBJC_ARC = YES;
				CLANG_ENABLE_OBJC_WEAK = YES;
				CLANG_WARN_BLOCK_CAPTURE_AUTORELEASING = YES;
				CLANG_WARN_BOOL_CONVERSION = YES;
				CLANG_WARN_COMMA = YES;
				CLANG_WARN_CONSTANT_CONVERSION = YES;
				CLANG_WARN_DEPRECATED_OBJC_IMPLEMENTATIONS = YES;
				CLANG_WARN_DIRECT_OBJC_ISA_USAGE = YES_ERROR;
				CLANG_WARN_DOCUMENTATION_COMMENTS = YES;
				CLANG_WARN_EMPTY_BODY = YES;
				CLANG_WARN_ENUM_CONVERSION = YES;
				CLANG_WARN_INFINITE_RECURSION = YES;
				CLANG_WARN_INT_CONVERSION = YES;
				CLANG_WARN_NON_LITERAL_NULL_CONVERSION = YES;
				CLANG_WARN_OBJC_IMPLICIT_RETAIN_SELF = YES;
				CLANG_WARN_OBJC_LITERAL_CONVERSION = YES;
				CLANG_WARN_OBJC_ROOT_CLASS = YES_ERROR;
				CLANG_WARN_QUOTED_INCLUDE_IN_FRAMEWORK_HEADER = YES;
				CLANG_WARN_RANGE_LOOP_ANALYSIS = YES;
				CLANG_WARN_STRICT_PROTOTYPES = YES;
				CLANG_WARN_SUSPICIOUS_MOVE = YES;
				CLANG_WARN_UNGUARDED_AVAILABILITY = YES_AGGRESSIVE;
				CLANG_WARN_UNREACHABLE_CODE = YES;
				CLANG_WARN__DUPLICATE_METHOD_MATCH = YES;
				COPY_PHASE_STRIP = NO;
				DEBUG_INFORMATION_FORMAT = dwarf;
				ENABLE_STRICT_OBJC_MSGSEND = YES;
				ENABLE_TESTABILITY = YES;
				ENABLE_USER_SCRIPT_SANDBOXING = NO;
				GCC_C_LANGUAGE_STANDARD = gnu17;
				GCC_DYNAMIC_NO_PIC = NO;
				GCC_NO_COMMON_BLOCKS = YES;
				GCC_OPTIMIZATION_LEVEL = 0;
				GCC_PREPROCESSOR_DEFINITIONS = (
					"DEBUG=1",
					"$(inherited)",
				);
				GCC_WARN_64_TO_32_BIT_CONVERSION = YES;
				GCC_WARN_ABOUT_RETURN_TYPE = YES_ERROR;
				GCC_WARN_UNDECLARED_SELECTOR = YES;
				GCC_WARN_UNINITIALIZED_AUTOS = YES_AGGRESSIVE;
				GCC_WARN_UNUSED_FUNCTION = YES;
				GCC_WARN_UNUSED_VARIABLE = YES;
				IPHONEOS_DEPLOYMENT_TARGET = 16.6;
				LOCALIZATION_PREFERS_STRING_CATALOGS = YES;
				MTL_ENABLE_DEBUG_INFO = INCLUDE_SOURCE;
				MTL_FAST_MATH = YES;
				ONLY_ACTIVE_ARCH = YES;
				SDKROOT = iphoneos;
				SWIFT_ACTIVE_COMPILATION_CONDITIONS = "DEBUG $(inherited)";
				SWIFT_OPTIMIZATION_LEVEL = "-Onone";
			};
			name = Debug;
		};
		66C3D98C2AD88FED003E1C99 /* Release */ = {
			isa = XCBuildConfiguration;
			buildSettings = {
				ALWAYS_SEARCH_USER_PATHS = NO;
				ASSETCATALOG_COMPILER_GENERATE_SWIFT_ASSET_SYMBOL_EXTENSIONS = YES;
				CLANG_ANALYZER_NONNULL = YES;
				CLANG_ANALYZER_NUMBER_OBJECT_CONVERSION = YES_AGGRESSIVE;
				CLANG_CXX_LANGUAGE_STANDARD = "gnu++20";
				CLANG_ENABLE_MODULES = YES;
				CLANG_ENABLE_OBJC_ARC = YES;
				CLANG_ENABLE_OBJC_WEAK = YES;
				CLANG_WARN_BLOCK_CAPTURE_AUTORELEASING = YES;
				CLANG_WARN_BOOL_CONVERSION = YES;
				CLANG_WARN_COMMA = YES;
				CLANG_WARN_CONSTANT_CONVERSION = YES;
				CLANG_WARN_DEPRECATED_OBJC_IMPLEMENTATIONS = YES;
				CLANG_WARN_DIRECT_OBJC_ISA_USAGE = YES_ERROR;
				CLANG_WARN_DOCUMENTATION_COMMENTS = YES;
				CLANG_WARN_EMPTY_BODY = YES;
				CLANG_WARN_ENUM_CONVERSION = YES;
				CLANG_WARN_INFINITE_RECURSION = YES;
				CLANG_WARN_INT_CONVERSION = YES;
				CLANG_WARN_NON_LITERAL_NULL_CONVERSION = YES;
				CLANG_WARN_OBJC_IMPLICIT_RETAIN_SELF = YES;
				CLANG_WARN_OBJC_LITERAL_CONVERSION = YES;
				CLANG_WARN_OBJC_ROOT_CLASS = YES_ERROR;
				CLANG_WARN_QUOTED_INCLUDE_IN_FRAMEWORK_HEADER = YES;
				CLANG_WARN_RANGE_LOOP_ANALYSIS = YES;
				CLANG_WARN_STRICT_PROTOTYPES = YES;
				CLANG_WARN_SUSPICIOUS_MOVE = YES;
				CLANG_WARN_UNGUARDED_AVAILABILITY = YES_AGGRESSIVE;
				CLANG_WARN_UNREACHABLE_CODE = YES;
				CLANG_WARN__DUPLICATE_METHOD_MATCH = YES;
				COPY_PHASE_STRIP = NO;
				DEBUG_INFORMATION_FORMAT = "dwarf-with-dsym";
				ENABLE_NS_ASSERTIONS = NO;
				ENABLE_STRICT_OBJC_MSGSEND = YES;
				ENABLE_USER_SCRIPT_SANDBOXING = NO;
				GCC_C_LANGUAGE_STANDARD = gnu17;
				GCC_NO_COMMON_BLOCKS = YES;
				GCC_WARN_64_TO_32_BIT_CONVERSION = YES;
				GCC_WARN_ABOUT_RETURN_TYPE = YES_ERROR;
				GCC_WARN_UNDECLARED_SELECTOR = YES;
				GCC_WARN_UNINITIALIZED_AUTOS = YES_AGGRESSIVE;
				GCC_WARN_UNUSED_FUNCTION = YES;
				GCC_WARN_UNUSED_VARIABLE = YES;
				IPHONEOS_DEPLOYMENT_TARGET = 16.6;
				LOCALIZATION_PREFERS_STRING_CATALOGS = YES;
				MTL_ENABLE_DEBUG_INFO = NO;
				MTL_FAST_MATH = YES;
				SDKROOT = iphoneos;
				SWIFT_COMPILATION_MODE = wholemodule;
				VALIDATE_PRODUCT = YES;
			};
			name = Release;
		};
		66C3D98E2AD88FED003E1C99 /* Debug */ = {
			isa = XCBuildConfiguration;
			baseConfigurationReference = F2E33A87BF0A9E64A7F50FCD /* Pods-SportScoutMedinaJake.debug.xcconfig */;
			buildSettings = {
				ASSETCATALOG_COMPILER_APPICON_NAME = AppIcon;
				ASSETCATALOG_COMPILER_GLOBAL_ACCENT_COLOR_NAME = AccentColor;
				CODE_SIGN_STYLE = Automatic;
				CURRENT_PROJECT_VERSION = 1;
				DEVELOPMENT_TEAM = T3X375FHT2;
				GENERATE_INFOPLIST_FILE = YES;
				INFOPLIST_FILE = SportScoutMedinaJake/Info.plist;
				INFOPLIST_KEY_NSCameraUsageDescription = "\U0010Access to the camera is required in order to upload photo/video from the device.";
				INFOPLIST_KEY_NSMicrophoneUsageDescription = "Access to the microphone is required in order to record video.";
				INFOPLIST_KEY_NSPhotoLibraryAddUsageDescription = "Please allow permission to import photos for profile picture.";
				INFOPLIST_KEY_UIApplicationSupportsIndirectInputEvents = YES;
				INFOPLIST_KEY_UILaunchStoryboardName = LaunchScreen.storyboard;
				INFOPLIST_KEY_UIMainStoryboardFile = Main;
				INFOPLIST_KEY_UISupportedInterfaceOrientations_iPad = "UIInterfaceOrientationPortrait UIInterfaceOrientationPortraitUpsideDown UIInterfaceOrientationLandscapeLeft UIInterfaceOrientationLandscapeRight";
				INFOPLIST_KEY_UISupportedInterfaceOrientations_iPhone = "UIInterfaceOrientationPortrait UIInterfaceOrientationLandscapeLeft UIInterfaceOrientationLandscapeRight";
				IPHONEOS_DEPLOYMENT_TARGET = 16.4;
				LD_RUNPATH_SEARCH_PATHS = (
					"$(inherited)",
					"@executable_path/Frameworks",
				);
				MARKETING_VERSION = 1.0;
				PRODUCT_BUNDLE_IDENTIFIER = JM.SportScoutMedinaJake;
				PRODUCT_NAME = "$(TARGET_NAME)";
				SWIFT_EMIT_LOC_STRINGS = YES;
				SWIFT_VERSION = 5.0;
				TARGETED_DEVICE_FAMILY = "1,2";
			};
			name = Debug;
		};
		66C3D98F2AD88FED003E1C99 /* Release */ = {
			isa = XCBuildConfiguration;
			baseConfigurationReference = 69F70E63FDA415362A7BAFDD /* Pods-SportScoutMedinaJake.release.xcconfig */;
			buildSettings = {
				ASSETCATALOG_COMPILER_APPICON_NAME = AppIcon;
				ASSETCATALOG_COMPILER_GLOBAL_ACCENT_COLOR_NAME = AccentColor;
				CODE_SIGN_STYLE = Automatic;
				CURRENT_PROJECT_VERSION = 1;
				DEVELOPMENT_TEAM = T3X375FHT2;
				GENERATE_INFOPLIST_FILE = YES;
				INFOPLIST_FILE = SportScoutMedinaJake/Info.plist;
				INFOPLIST_KEY_NSCameraUsageDescription = "\U0010Access to the camera is required in order to upload photo/video from the device.";
				INFOPLIST_KEY_NSMicrophoneUsageDescription = "Access to the microphone is required in order to record video.";
				INFOPLIST_KEY_NSPhotoLibraryAddUsageDescription = "Please allow permission to import photos for profile picture.";
				INFOPLIST_KEY_UIApplicationSupportsIndirectInputEvents = YES;
				INFOPLIST_KEY_UILaunchStoryboardName = LaunchScreen.storyboard;
				INFOPLIST_KEY_UIMainStoryboardFile = Main;
				INFOPLIST_KEY_UISupportedInterfaceOrientations_iPad = "UIInterfaceOrientationPortrait UIInterfaceOrientationPortraitUpsideDown UIInterfaceOrientationLandscapeLeft UIInterfaceOrientationLandscapeRight";
				INFOPLIST_KEY_UISupportedInterfaceOrientations_iPhone = "UIInterfaceOrientationPortrait UIInterfaceOrientationLandscapeLeft UIInterfaceOrientationLandscapeRight";
				IPHONEOS_DEPLOYMENT_TARGET = 16.4;
				LD_RUNPATH_SEARCH_PATHS = (
					"$(inherited)",
					"@executable_path/Frameworks",
				);
				MARKETING_VERSION = 1.0;
				PRODUCT_BUNDLE_IDENTIFIER = JM.SportScoutMedinaJake;
				PRODUCT_NAME = "$(TARGET_NAME)";
				SWIFT_EMIT_LOC_STRINGS = YES;
				SWIFT_VERSION = 5.0;
				TARGETED_DEVICE_FAMILY = "1,2";
			};
			name = Release;
		};
/* End XCBuildConfiguration section */

/* Begin XCConfigurationList section */
		66C3D9712AD88FEC003E1C99 /* Build configuration list for PBXProject "SportScoutMedinaJake" */ = {
			isa = XCConfigurationList;
			buildConfigurations = (
				66C3D98B2AD88FED003E1C99 /* Debug */,
				66C3D98C2AD88FED003E1C99 /* Release */,
			);
			defaultConfigurationIsVisible = 0;
			defaultConfigurationName = Release;
		};
		66C3D98D2AD88FED003E1C99 /* Build configuration list for PBXNativeTarget "SportScoutMedinaJake" */ = {
			isa = XCConfigurationList;
			buildConfigurations = (
				66C3D98E2AD88FED003E1C99 /* Debug */,
				66C3D98F2AD88FED003E1C99 /* Release */,
			);
			defaultConfigurationIsVisible = 0;
			defaultConfigurationName = Release;
		};
/* End XCConfigurationList section */

/* Begin XCRemoteSwiftPackageReference section */
		66C3D99E2AD8A3F7003E1C99 /* XCRemoteSwiftPackageReference "firebase-ios-sdk" */ = {
			isa = XCRemoteSwiftPackageReference;
			repositoryURL = "https://github.com/firebase/firebase-ios-sdk";
			requirement = {
				kind = upToNextMajorVersion;
				minimumVersion = 10.16.0;
			};
		};
/* End XCRemoteSwiftPackageReference section */

/* Begin XCSwiftPackageProductDependency section */
		66C3D9AB2AD8A3F8003E1C99 /* FirebaseAuth */ = {
			isa = XCSwiftPackageProductDependency;
			package = 66C3D99E2AD8A3F7003E1C99 /* XCRemoteSwiftPackageReference "firebase-ios-sdk" */;
			productName = FirebaseAuth;
		};
		66C3D9B72AD8A3F8003E1C99 /* FirebaseFirestore */ = {
			isa = XCSwiftPackageProductDependency;
			package = 66C3D99E2AD8A3F7003E1C99 /* XCRemoteSwiftPackageReference "firebase-ios-sdk" */;
			productName = FirebaseFirestore;
		};
		66C3D9BB2AD8A3F8003E1C99 /* FirebaseFirestoreSwift */ = {
			isa = XCSwiftPackageProductDependency;
			package = 66C3D99E2AD8A3F7003E1C99 /* XCRemoteSwiftPackageReference "firebase-ios-sdk" */;
			productName = FirebaseFirestoreSwift;
		};
		E3E1EEA72ADB417300AFCC05 /* FirebaseStorage */ = {
			isa = XCSwiftPackageProductDependency;
			package = 66C3D99E2AD8A3F7003E1C99 /* XCRemoteSwiftPackageReference "firebase-ios-sdk" */;
			productName = FirebaseStorage;
		};
/* End XCSwiftPackageProductDependency section */

/* Begin XCVersionGroup section */
		66C3D9822AD88FEC003E1C99 /* SportScoutMedinaJake.xcdatamodeld */ = {
			isa = XCVersionGroup;
			children = (
				66C3D9832AD88FEC003E1C99 /* SportScoutMedinaJake.xcdatamodel */,
			);
			currentVersion = 66C3D9832AD88FEC003E1C99 /* SportScoutMedinaJake.xcdatamodel */;
			path = SportScoutMedinaJake.xcdatamodeld;
			sourceTree = "<group>";
			versionGroupType = wrapper.xcdatamodel;
		};
/* End XCVersionGroup section */
	};
	rootObject = 66C3D96E2AD88FEC003E1C99 /* Project object */;
}
